
Microsoft Visual Studio Solution File, Format Version 12.00
# Visual Studio Version 17
VisualStudioVersion = 17.12.35707.178 d17.12
MinimumVisualStudioVersion = 10.0.40219.1
Project("{2150E333-8FDC-42A3-9474-1A3956D46DE8}") = "Source", "Source", "{2435E6FE-3AA3-4CFA-BE70-C2057A3F1B47}"
EndProject
Project("{2150E333-8FDC-42A3-9474-1A3956D46DE8}") = "Core", "Core", "{C2FE0605-D3C9-44C9-9062-0EA89C078195}"
EndProject
Project("{2150E333-8FDC-42A3-9474-1A3956D46DE8}") = "Infrastructure", "Infrastructure", "{A23E3609-8E81-4456-80AC-D89F2A02F87F}"
EndProject
Project("{2150E333-8FDC-42A3-9474-1A3956D46DE8}") = "Presentation", "Presentation", "{A7091991-39F1-4280-9B61-2D4656619901}"
EndProject
Project("{FAE04EC0-301F-11D3-BF4B-00C04F79EFBC}") = "PropertyNow.Core.Domain", "PropertyNow.Core.Domain\PropertyNow.Core.Domain.csproj", "{C144A32A-88F2-4119-9110-E1F1863DFCA8}"
EndProject
Project("{FAE04EC0-301F-11D3-BF4B-00C04F79EFBC}") = "PropertyNow.Core.Application", "PropertyNow.Core.Application\PropertyNow.Core.Application.csproj", "{7CFCBB1F-3F7F-4541-B8DC-08CD03DD77F0}"
EndProject
Project("{FAE04EC0-301F-11D3-BF4B-00C04F79EFBC}") = "PropertyNow.Infrastructure.Persistence", "PropertyNow.Infrastructure.Persistence\PropertyNow.Infrastructure.Persistence.csproj", "{8E154EB4-F3A7-4243-817A-B5BB150DDE0A}"
EndProject
Project("{FAE04EC0-301F-11D3-BF4B-00C04F79EFBC}") = "PropertyNow.Infrastructure.Identity", "PropertyNow.Infrastructure.Identity\PropertyNow.Infrastructure.Identity.csproj", "{9A6A6FD4-6A36-4947-905A-13FE92764B69}"
EndProject
Project("{FAE04EC0-301F-11D3-BF4B-00C04F79EFBC}") = "PropertyNow.Infrastructure.Shared", "PropertyNow.Infrastructure.Shared\PropertyNow.Infrastructure.Shared.csproj", "{2A23785C-4192-4CE7-AD6E-1C4385E52960}"
EndProject
Project("{2150E333-8FDC-42A3-9474-1A3956D46DE8}") = "WebApp", "WebApp", "{85F6EEE9-FE97-4A20-A1E5-A4B8E25F6E52}"
EndProject
Project("{2150E333-8FDC-42A3-9474-1A3956D46DE8}") = "API", "API", "{D18A85B9-8618-4554-9A1B-C0D66B27F394}"
EndProject
Project("{FAE04EC0-301F-11D3-BF4B-00C04F79EFBC}") = "PropertyNowAPI", "PropertyNowAPI\PropertyNowAPI.csproj", "{0EAE6FAE-7EE5-4F14-836B-FAEA05BEA514}"
EndProject
Project("{FAE04EC0-301F-11D3-BF4B-00C04F79EFBC}") = "PropertyNowApp", "PropertyNowApp\PropertyNowApp.csproj", "{1C6268F9-BD04-4A86-8786-9628072EAB07}"
EndProject
Global
	GlobalSection(SolutionConfigurationPlatforms) = preSolution
		Debug|Any CPU = Debug|Any CPU
		Release|Any CPU = Release|Any CPU
	EndGlobalSection
	GlobalSection(ProjectConfigurationPlatforms) = postSolution
		{C144A32A-88F2-4119-9110-E1F1863DFCA8}.Debug|Any CPU.ActiveCfg = Debug|Any CPU
		{C144A32A-88F2-4119-9110-E1F1863DFCA8}.Debug|Any CPU.Build.0 = Debug|Any CPU
		{C144A32A-88F2-4119-9110-E1F1863DFCA8}.Release|Any CPU.ActiveCfg = Release|Any CPU
		{C144A32A-88F2-4119-9110-E1F1863DFCA8}.Release|Any CPU.Build.0 = Release|Any CPU
		{7CFCBB1F-3F7F-4541-B8DC-08CD03DD77F0}.Debug|Any CPU.ActiveCfg = Debug|Any CPU
		{7CFCBB1F-3F7F-4541-B8DC-08CD03DD77F0}.Debug|Any CPU.Build.0 = Debug|Any CPU
		{7CFCBB1F-3F7F-4541-B8DC-08CD03DD77F0}.Release|Any CPU.ActiveCfg = Release|Any CPU
		{7CFCBB1F-3F7F-4541-B8DC-08CD03DD77F0}.Release|Any CPU.Build.0 = Release|Any CPU
		{8E154EB4-F3A7-4243-817A-B5BB150DDE0A}.Debug|Any CPU.ActiveCfg = Debug|Any CPU
		{8E154EB4-F3A7-4243-817A-B5BB150DDE0A}.Debug|Any CPU.Build.0 = Debug|Any CPU
		{8E154EB4-F3A7-4243-817A-B5BB150DDE0A}.Release|Any CPU.ActiveCfg = Release|Any CPU
		{8E154EB4-F3A7-4243-817A-B5BB150DDE0A}.Release|Any CPU.Build.0 = Release|Any CPU
		{9A6A6FD4-6A36-4947-905A-13FE92764B69}.Debug|Any CPU.ActiveCfg = Debug|Any CPU
		{9A6A6FD4-6A36-4947-905A-13FE92764B69}.Debug|Any CPU.Build.0 = Debug|Any CPU
		{9A6A6FD4-6A36-4947-905A-13FE92764B69}.Release|Any CPU.ActiveCfg = Release|Any CPU
		{9A6A6FD4-6A36-4947-905A-13FE92764B69}.Release|Any CPU.Build.0 = Release|Any CPU
		{2A23785C-4192-4CE7-AD6E-1C4385E52960}.Debug|Any CPU.ActiveCfg = Debug|Any CPU
		{2A23785C-4192-4CE7-AD6E-1C4385E52960}.Debug|Any CPU.Build.0 = Debug|Any CPU
		{2A23785C-4192-4CE7-AD6E-1C4385E52960}.Release|Any CPU.ActiveCfg = Release|Any CPU
		{2A23785C-4192-4CE7-AD6E-1C4385E52960}.Release|Any CPU.Build.0 = Release|Any CPU
		{0EAE6FAE-7EE5-4F14-836B-FAEA05BEA514}.Debug|Any CPU.ActiveCfg = Debug|Any CPU
		{0EAE6FAE-7EE5-4F14-836B-FAEA05BEA514}.Debug|Any CPU.Build.0 = Debug|Any CPU
		{0EAE6FAE-7EE5-4F14-836B-FAEA05BEA514}.Release|Any CPU.ActiveCfg = Release|Any CPU
		{0EAE6FAE-7EE5-4F14-836B-FAEA05BEA514}.Release|Any CPU.Build.0 = Release|Any CPU
		{1C6268F9-BD04-4A86-8786-9628072EAB07}.Debug|Any CPU.ActiveCfg = Debug|Any CPU
		{1C6268F9-BD04-4A86-8786-9628072EAB07}.Debug|Any CPU.Build.0 = Debug|Any CPU
		{1C6268F9-BD04-4A86-8786-9628072EAB07}.Release|Any CPU.ActiveCfg = Release|Any CPU
		{1C6268F9-BD04-4A86-8786-9628072EAB07}.Release|Any CPU.Build.0 = Release|Any CPU
	EndGlobalSection
	GlobalSection(SolutionProperties) = preSolution
		HideSolutionNode = FALSE
	EndGlobalSection
	GlobalSection(NestedProjects) = preSolution
		{C2FE0605-D3C9-44C9-9062-0EA89C078195} = {2435E6FE-3AA3-4CFA-BE70-C2057A3F1B47}
		{A23E3609-8E81-4456-80AC-D89F2A02F87F} = {2435E6FE-3AA3-4CFA-BE70-C2057A3F1B47}
		{A7091991-39F1-4280-9B61-2D4656619901} = {2435E6FE-3AA3-4CFA-BE70-C2057A3F1B47}
		{C144A32A-88F2-4119-9110-E1F1863DFCA8} = {C2FE0605-D3C9-44C9-9062-0EA89C078195}
		{7CFCBB1F-3F7F-4541-B8DC-08CD03DD77F0} = {C2FE0605-D3C9-44C9-9062-0EA89C078195}
		{8E154EB4-F3A7-4243-817A-B5BB150DDE0A} = {A23E3609-8E81-4456-80AC-D89F2A02F87F}
		{9A6A6FD4-6A36-4947-905A-13FE92764B69} = {A23E3609-8E81-4456-80AC-D89F2A02F87F}
		{2A23785C-4192-4CE7-AD6E-1C4385E52960} = {A23E3609-8E81-4456-80AC-D89F2A02F87F}
		{85F6EEE9-FE97-4A20-A1E5-A4B8E25F6E52} = {A7091991-39F1-4280-9B61-2D4656619901}
		{D18A85B9-8618-4554-9A1B-C0D66B27F394} = {A7091991-39F1-4280-9B61-2D4656619901}
		{0EAE6FAE-7EE5-4F14-836B-FAEA05BEA514} = {D18A85B9-8618-4554-9A1B-C0D66B27F394}
		{1C6268F9-BD04-4A86-8786-9628072EAB07} = {85F6EEE9-FE97-4A20-A1E5-A4B8E25F6E52}
	EndGlobalSection
EndGlobal
